
Microsoft Visual Studio Solution File, Format Version 12.00
# Visual Studio Version 17
VisualStudioVersion = 17.8.34309.116
MinimumVisualStudioVersion = 10.0.40219.1
Project("{FAE04EC0-301F-11D3-BF4B-00C04F79EFBC}") = "ConcessionáriaAPI", "ConcessionáriaAPI\ConcessionáriaAPI.csproj", "{36EEB1E9-F31D-49F1-B7B2-0E830F4E7114}"
EndProject
Global
	GlobalSection(SolutionConfigurationPlatforms) = preSolution
		Debug|Any CPU = Debug|Any CPU
		Release|Any CPU = Release|Any CPU
	EndGlobalSection
	GlobalSection(ProjectConfigurationPlatforms) = postSolution
		{36EEB1E9-F31D-49F1-B7B2-0E830F4E7114}.Debug|Any CPU.ActiveCfg = Debug|Any CPU
		{36EEB1E9-F31D-49F1-B7B2-0E830F4E7114}.Debug|Any CPU.Build.0 = Debug|Any CPU
		{36EEB1E9-F31D-49F1-B7B2-0E830F4E7114}.Release|Any CPU.ActiveCfg = Release|Any CPU
		{36EEB1E9-F31D-49F1-B7B2-0E830F4E7114}.Release|Any CPU.Build.0 = Release|Any CPU
	EndGlobalSection
	GlobalSection(SolutionProperties) = preSolution
		HideSolutionNode = FALSE
	EndGlobalSection
	GlobalSection(ExtensibilityGlobals) = postSolution
		SolutionGuid = {A5320C79-A6A9-4944-AC45-74B78A4F3CF3}
	EndGlobalSection
EndGlobal
